
Microsoft Visual Studio Solution File, Format Version 12.00
# Visual Studio Version 16
VisualStudioVersion = 16.0.32510.428
MinimumVisualStudioVersion = 10.0.40219.1
Project("{FAE04EC0-301F-11D3-BF4B-00C04F79EFBC}") = "pryVonLab2Clase2", "pryVonLab2Clase2\pryVonLab2Clase2.csproj", "{4C32E3D3-25A3-455D-870C-F11A4061A5F2}"
EndProject
Global
	GlobalSection(SolutionConfigurationPlatforms) = preSolution
		Debug|Any CPU = Debug|Any CPU
		Release|Any CPU = Release|Any CPU
	EndGlobalSection
	GlobalSection(ProjectConfigurationPlatforms) = postSolution
		{4C32E3D3-25A3-455D-870C-F11A4061A5F2}.Debug|Any CPU.ActiveCfg = Debug|Any CPU
		{4C32E3D3-25A3-455D-870C-F11A4061A5F2}.Debug|Any CPU.Build.0 = Debug|Any CPU
		{4C32E3D3-25A3-455D-870C-F11A4061A5F2}.Release|Any CPU.ActiveCfg = Release|Any CPU
		{4C32E3D3-25A3-455D-870C-F11A4061A5F2}.Release|Any CPU.Build.0 = Release|Any CPU
	EndGlobalSection
	GlobalSection(SolutionProperties) = preSolution
		HideSolutionNode = FALSE
	EndGlobalSection
	GlobalSection(ExtensibilityGlobals) = postSolution
		SolutionGuid = {317F49E8-3893-4E02-8A7F-48AAAF776FCF}
	EndGlobalSection
EndGlobal
